
Microsoft Visual Studio Solution File, Format Version 12.00
# Visual Studio 15
VisualStudioVersion = 15.0.27703.2026
MinimumVisualStudioVersion = 10.0.40219.1
Project("{FAE04EC0-301F-11D3-BF4B-00C04F79EFBC}") = "Task", "Task\Task.csproj", "{09DCA8B0-2C5D-4B48-A4C1-B85FCDE9659C}"
EndProject
Project("{FAE04EC0-301F-11D3-BF4B-00C04F79EFBC}") = "Service", "Service\Service.csproj", "{A967F126-ABAC-4092-932D-BD9713BF40D7}"
EndProject
Global
	GlobalSection(SolutionConfigurationPlatforms) = preSolution
		Debug|Any CPU = Debug|Any CPU
		Release|Any CPU = Release|Any CPU
	EndGlobalSection
	GlobalSection(ProjectConfigurationPlatforms) = postSolution
		{09DCA8B0-2C5D-4B48-A4C1-B85FCDE9659C}.Debug|Any CPU.ActiveCfg = Debug|Any CPU
		{09DCA8B0-2C5D-4B48-A4C1-B85FCDE9659C}.Debug|Any CPU.Build.0 = Debug|Any CPU
		{09DCA8B0-2C5D-4B48-A4C1-B85FCDE9659C}.Release|Any CPU.ActiveCfg = Release|Any CPU
		{09DCA8B0-2C5D-4B48-A4C1-B85FCDE9659C}.Release|Any CPU.Build.0 = Release|Any CPU
		{A967F126-ABAC-4092-932D-BD9713BF40D7}.Debug|Any CPU.ActiveCfg = Debug|Any CPU
		{A967F126-ABAC-4092-932D-BD9713BF40D7}.Debug|Any CPU.Build.0 = Debug|Any CPU
		{A967F126-ABAC-4092-932D-BD9713BF40D7}.Release|Any CPU.ActiveCfg = Release|Any CPU
		{A967F126-ABAC-4092-932D-BD9713BF40D7}.Release|Any CPU.Build.0 = Release|Any CPU
	EndGlobalSection
	GlobalSection(SolutionProperties) = preSolution
		HideSolutionNode = FALSE
	EndGlobalSection
	GlobalSection(ExtensibilityGlobals) = postSolution
		SolutionGuid = {2C3CDD10-1E1F-4C95-ABE5-53A56FD3DB03}
	EndGlobalSection
EndGlobal
